// !$*UTF8*$!
{
	archiveVersion = 1;
	classes = {
	};
	objectVersion = 77;
	objects = {

/* Begin PBXBuildFile section */
		1EEE23FC2D4C630A00BD28AE /* FirebaseAnalytics in Frameworks */ = {isa = PBXBuildFile; productRef = 1EEE23FB2D4C630A00BD28AE /* FirebaseAnalytics */; };
		1EEE23FE2D4C630A00BD28AE /* FirebaseAnalyticsOnDeviceConversion in Frameworks */ = {isa = PBXBuildFile; productRef = 1EEE23FD2D4C630A00BD28AE /* FirebaseAnalyticsOnDeviceConversion */; };
		1EEE24002D4C630A00BD28AE /* FirebaseAnalyticsWithoutAdIdSupport in Frameworks */ = {isa = PBXBuildFile; productRef = 1EEE23FF2D4C630A00BD28AE /* FirebaseAnalyticsWithoutAdIdSupport */; };
		1EEE24022D4C630A00BD28AE /* FirebaseAppCheck in Frameworks */ = {isa = PBXBuildFile; productRef = 1EEE24012D4C630A00BD28AE /* FirebaseAppCheck */; };
		1EEE24042D4C630A00BD28AE /* FirebaseAppDistribution-Beta in Frameworks */ = {isa = PBXBuildFile; productRef = 1EEE24032D4C630A00BD28AE /* FirebaseAppDistribution-Beta */; };
		1EEE24062D4C630A00BD28AE /* FirebaseAuth in Frameworks */ = {isa = PBXBuildFile; productRef = 1EEE24052D4C630A00BD28AE /* FirebaseAuth */; };
		1EEE24082D4C630A00BD28AE /* FirebaseAuthCombine-Community in Frameworks */ = {isa = PBXBuildFile; productRef = 1EEE24072D4C630A00BD28AE /* FirebaseAuthCombine-Community */; };
		1EEE240A2D4C630A00BD28AE /* FirebaseCore in Frameworks */ = {isa = PBXBuildFile; productRef = 1EEE24092D4C630A00BD28AE /* FirebaseCore */; };
		1EEE240C2D4C630A00BD28AE /* FirebaseCrashlytics in Frameworks */ = {isa = PBXBuildFile; productRef = 1EEE240B2D4C630A00BD28AE /* FirebaseCrashlytics */; };
		1EEE240E2D4C630A00BD28AE /* FirebaseDatabase in Frameworks */ = {isa = PBXBuildFile; productRef = 1EEE240D2D4C630A00BD28AE /* FirebaseDatabase */; };
		1EEE24102D4C630A00BD28AE /* FirebaseDynamicLinks in Frameworks */ = {isa = PBXBuildFile; productRef = 1EEE240F2D4C630A00BD28AE /* FirebaseDynamicLinks */; };
		1EEE24122D4C630A00BD28AE /* FirebaseFirestore in Frameworks */ = {isa = PBXBuildFile; productRef = 1EEE24112D4C630A00BD28AE /* FirebaseFirestore */; };
		1EEE24142D4C630A00BD28AE /* FirebaseFirestoreCombine-Community in Frameworks */ = {isa = PBXBuildFile; productRef = 1EEE24132D4C630A00BD28AE /* FirebaseFirestoreCombine-Community */; };
		1EEE24162D4C630A00BD28AE /* FirebaseFunctions in Frameworks */ = {isa = PBXBuildFile; productRef = 1EEE24152D4C630A00BD28AE /* FirebaseFunctions */; };
		1EEE24182D4C630A00BD28AE /* FirebaseFunctionsCombine-Community in Frameworks */ = {isa = PBXBuildFile; productRef = 1EEE24172D4C630A00BD28AE /* FirebaseFunctionsCombine-Community */; };
		1EEE241A2D4C630A00BD28AE /* FirebaseInAppMessaging-Beta in Frameworks */ = {isa = PBXBuildFile; productRef = 1EEE24192D4C630A00BD28AE /* FirebaseInAppMessaging-Beta */; };
		1EEE241C2D4C630A00BD28AE /* FirebaseInstallations in Frameworks */ = {isa = PBXBuildFile; productRef = 1EEE241B2D4C630A00BD28AE /* FirebaseInstallations */; };
		1EEE241E2D4C630A00BD28AE /* FirebaseMessaging in Frameworks */ = {isa = PBXBuildFile; productRef = 1EEE241D2D4C630A00BD28AE /* FirebaseMessaging */; };
		1EEE24202D4C630A00BD28AE /* FirebaseMLModelDownloader in Frameworks */ = {isa = PBXBuildFile; productRef = 1EEE241F2D4C630A00BD28AE /* FirebaseMLModelDownloader */; };
		1EEE24222D4C630A00BD28AE /* FirebasePerformance in Frameworks */ = {isa = PBXBuildFile; productRef = 1EEE24212D4C630A00BD28AE /* FirebasePerformance */; };
		1EEE24242D4C630A00BD28AE /* FirebaseRemoteConfig in Frameworks */ = {isa = PBXBuildFile; productRef = 1EEE24232D4C630A00BD28AE /* FirebaseRemoteConfig */; };
		1EEE24262D4C630A00BD28AE /* FirebaseStorage in Frameworks */ = {isa = PBXBuildFile; productRef = 1EEE24252D4C630A00BD28AE /* FirebaseStorage */; };
		1EEE24282D4C630A00BD28AE /* FirebaseStorageCombine-Community in Frameworks */ = {isa = PBXBuildFile; productRef = 1EEE24272D4C630A00BD28AE /* FirebaseStorageCombine-Community */; };
		1EEE242A2D4C630A00BD28AE /* FirebaseVertexAI in Frameworks */ = {isa = PBXBuildFile; productRef = 1EEE24292D4C630A00BD28AE /* FirebaseVertexAI */; };
/* End PBXBuildFile section */

/* Begin PBXFileReference section */
		21AC48882D2DEAF30097F93F /* HavenHub.app */ = {isa = PBXFileReference; explicitFileType = wrapper.application; includeInIndex = 0; path = HavenHub.app; sourceTree = BUILT_PRODUCTS_DIR; };
/* End PBXFileReference section */

/* Begin PBXFileSystemSynchronizedRootGroup section */
		21AC488A2D2DEAF30097F93F /* HavenHub */ = {
			isa = PBXFileSystemSynchronizedRootGroup;
			path = HavenHub;
			sourceTree = "<group>";
		};
/* End PBXFileSystemSynchronizedRootGroup section */

/* Begin PBXFrameworksBuildPhase section */
		21AC48852D2DEAF30097F93F /* Frameworks */ = {
			isa = PBXFrameworksBuildPhase;
			buildActionMask = 2147483647;
			files = (
				1EEE241E2D4C630A00BD28AE /* FirebaseMessaging in Frameworks */,
				1EEE242A2D4C630A00BD28AE /* FirebaseVertexAI in Frameworks */,
				1EEE24142D4C630A00BD28AE /* FirebaseFirestoreCombine-Community in Frameworks */,
				1EEE24222D4C630A00BD28AE /* FirebasePerformance in Frameworks */,
				1EEE24282D4C630A00BD28AE /* FirebaseStorageCombine-Community in Frameworks */,
				1EEE24242D4C630A00BD28AE /* FirebaseRemoteConfig in Frameworks */,
				1EEE24162D4C630A00BD28AE /* FirebaseFunctions in Frameworks */,
				1EEE240E2D4C630A00BD28AE /* FirebaseDatabase in Frameworks */,
				1EEE24102D4C630A00BD28AE /* FirebaseDynamicLinks in Frameworks */,
				1EEE24022D4C630A00BD28AE /* FirebaseAppCheck in Frameworks */,
				1EEE24062D4C630A00BD28AE /* FirebaseAuth in Frameworks */,
				1EEE23FC2D4C630A00BD28AE /* FirebaseAnalytics in Frameworks */,
				1EEE24122D4C630A00BD28AE /* FirebaseFirestore in Frameworks */,
				1EEE241C2D4C630A00BD28AE /* FirebaseInstallations in Frameworks */,
				1EEE24182D4C630A00BD28AE /* FirebaseFunctionsCombine-Community in Frameworks */,
				1EEE24042D4C630A00BD28AE /* FirebaseAppDistribution-Beta in Frameworks */,
				1EEE24202D4C630A00BD28AE /* FirebaseMLModelDownloader in Frameworks */,
				1EEE24002D4C630A00BD28AE /* FirebaseAnalyticsWithoutAdIdSupport in Frameworks */,
				1EEE241A2D4C630A00BD28AE /* FirebaseInAppMessaging-Beta in Frameworks */,
				1EEE24082D4C630A00BD28AE /* FirebaseAuthCombine-Community in Frameworks */,
				1EEE240C2D4C630A00BD28AE /* FirebaseCrashlytics in Frameworks */,
				1EEE24262D4C630A00BD28AE /* FirebaseStorage in Frameworks */,
				1EEE240A2D4C630A00BD28AE /* FirebaseCore in Frameworks */,
				1EEE23FE2D4C630A00BD28AE /* FirebaseAnalyticsOnDeviceConversion in Frameworks */,
			);
			runOnlyForDeploymentPostprocessing = 0;
		};
/* End PBXFrameworksBuildPhase section */

/* Begin PBXGroup section */
		1EEE23FA2D4C630A00BD28AE /* Frameworks */ = {
			isa = PBXGroup;
			children = (
			);
			name = Frameworks;
			sourceTree = "<group>";
		};
		21AC487F2D2DEAF30097F93F = {
			isa = PBXGroup;
			children = (
				21AC488A2D2DEAF30097F93F /* HavenHub */,
				1EEE23FA2D4C630A00BD28AE /* Frameworks */,
				21AC48892D2DEAF30097F93F /* Products */,
			);
			sourceTree = "<group>";
		};
		21AC48892D2DEAF30097F93F /* Products */ = {
			isa = PBXGroup;
			children = (
				21AC48882D2DEAF30097F93F /* HavenHub.app */,
			);
			name = Products;
			sourceTree = "<group>";
		};
/* End PBXGroup section */

/* Begin PBXNativeTarget section */
		21AC48872D2DEAF30097F93F /* HavenHub */ = {
			isa = PBXNativeTarget;
			buildConfigurationList = 21AC48982D2DEAF40097F93F /* Build configuration list for PBXNativeTarget "HavenHub" */;
			buildPhases = (
				21AC48842D2DEAF30097F93F /* Sources */,
				21AC48852D2DEAF30097F93F /* Frameworks */,
				21AC48862D2DEAF30097F93F /* Resources */,
			);
			buildRules = (
			);
			dependencies = (
			);
			fileSystemSynchronizedGroups = (
				21AC488A2D2DEAF30097F93F /* HavenHub */,
			);
			name = HavenHub;
			packageProductDependencies = (
				1EEE23FB2D4C630A00BD28AE /* FirebaseAnalytics */,
				1EEE23FD2D4C630A00BD28AE /* FirebaseAnalyticsOnDeviceConversion */,
				1EEE23FF2D4C630A00BD28AE /* FirebaseAnalyticsWithoutAdIdSupport */,
				1EEE24012D4C630A00BD28AE /* FirebaseAppCheck */,
				1EEE24032D4C630A00BD28AE /* FirebaseAppDistribution-Beta */,
				1EEE24052D4C630A00BD28AE /* FirebaseAuth */,
				1EEE24072D4C630A00BD28AE /* FirebaseAuthCombine-Community */,
				1EEE24092D4C630A00BD28AE /* FirebaseCore */,
				1EEE240B2D4C630A00BD28AE /* FirebaseCrashlytics */,
				1EEE240D2D4C630A00BD28AE /* FirebaseDatabase */,
				1EEE240F2D4C630A00BD28AE /* FirebaseDynamicLinks */,
				1EEE24112D4C630A00BD28AE /* FirebaseFirestore */,
				1EEE24132D4C630A00BD28AE /* FirebaseFirestoreCombine-Community */,
				1EEE24152D4C630A00BD28AE /* FirebaseFunctions */,
				1EEE24172D4C630A00BD28AE /* FirebaseFunctionsCombine-Community */,
				1EEE24192D4C630A00BD28AE /* FirebaseInAppMessaging-Beta */,
				1EEE241B2D4C630A00BD28AE /* FirebaseInstallations */,
				1EEE241D2D4C630A00BD28AE /* FirebaseMessaging */,
				1EEE241F2D4C630A00BD28AE /* FirebaseMLModelDownloader */,
				1EEE24212D4C630A00BD28AE /* FirebasePerformance */,
				1EEE24232D4C630A00BD28AE /* FirebaseRemoteConfig */,
				1EEE24252D4C630A00BD28AE /* FirebaseStorage */,
				1EEE24272D4C630A00BD28AE /* FirebaseStorageCombine-Community */,
				1EEE24292D4C630A00BD28AE /* FirebaseVertexAI */,
			);
			productName = HavenHub;
			productReference = 21AC48882D2DEAF30097F93F /* HavenHub.app */;
			productType = "com.apple.product-type.application";
		};
/* End PBXNativeTarget section */

/* Begin PBXProject section */
		21AC48802D2DEAF30097F93F /* Project object */ = {
			isa = PBXProject;
			attributes = {
				BuildIndependentTargetsInParallel = 1;
				LastSwiftUpdateCheck = 1620;
				LastUpgradeCheck = 1620;
				TargetAttributes = {
					21AC48872D2DEAF30097F93F = {
						CreatedOnToolsVersion = 16.2;
					};
				};
			};
			buildConfigurationList = 21AC48832D2DEAF30097F93F /* Build configuration list for PBXProject "HavenHub" */;
			developmentRegion = en;
			hasScannedForEncodings = 0;
			knownRegions = (
				en,
				Base,
			);
			mainGroup = 21AC487F2D2DEAF30097F93F;
			minimizedProjectReferenceProxies = 1;
			packageReferences = (
				1EEE23F92D4C61A400BD28AE /* XCRemoteSwiftPackageReference "firebase-ios-sdk" */,
			);
			preferredProjectObjectVersion = 77;
			productRefGroup = 21AC48892D2DEAF30097F93F /* Products */;
			projectDirPath = "";
			projectRoot = "";
			targets = (
				21AC48872D2DEAF30097F93F /* HavenHub */,
			);
		};
/* End PBXProject section */

/* Begin PBXResourcesBuildPhase section */
		21AC48862D2DEAF30097F93F /* Resources */ = {
			isa = PBXResourcesBuildPhase;
			buildActionMask = 2147483647;
			files = (
			);
			runOnlyForDeploymentPostprocessing = 0;
		};
/* End PBXResourcesBuildPhase section */

/* Begin PBXSourcesBuildPhase section */
		21AC48842D2DEAF30097F93F /* Sources */ = {
			isa = PBXSourcesBuildPhase;
			buildActionMask = 2147483647;
			files = (
			);
			runOnlyForDeploymentPostprocessing = 0;
		};
/* End PBXSourcesBuildPhase section */

/* Begin XCBuildConfiguration section */
		21AC48962D2DEAF40097F93F /* Debug */ = {
			isa = XCBuildConfiguration;
			buildSettings = {
				ALWAYS_SEARCH_USER_PATHS = NO;
				ASSETCATALOG_COMPILER_GENERATE_SWIFT_ASSET_SYMBOL_EXTENSIONS = YES;
				CLANG_ANALYZER_NONNULL = YES;
				CLANG_ANALYZER_NUMBER_OBJECT_CONVERSION = YES_AGGRESSIVE;
				CLANG_CXX_LANGUAGE_STANDARD = "gnu++20";
				CLANG_ENABLE_MODULES = YES;
				CLANG_ENABLE_OBJC_ARC = YES;
				CLANG_ENABLE_OBJC_WEAK = YES;
				CLANG_WARN_BLOCK_CAPTURE_AUTORELEASING = YES;
				CLANG_WARN_BOOL_CONVERSION = YES;
				CLANG_WARN_COMMA = YES;
				CLANG_WARN_CONSTANT_CONVERSION = YES;
				CLANG_WARN_DEPRECATED_OBJC_IMPLEMENTATIONS = YES;
				CLANG_WARN_DIRECT_OBJC_ISA_USAGE = YES_ERROR;
				CLANG_WARN_DOCUMENTATION_COMMENTS = YES;
				CLANG_WARN_EMPTY_BODY = YES;
				CLANG_WARN_ENUM_CONVERSION = YES;
				CLANG_WARN_INFINITE_RECURSION = YES;
				CLANG_WARN_INT_CONVERSION = YES;
				CLANG_WARN_NON_LITERAL_NULL_CONVERSION = YES;
				CLANG_WARN_OBJC_IMPLICIT_RETAIN_SELF = YES;
				CLANG_WARN_OBJC_LITERAL_CONVERSION = YES;
				CLANG_WARN_OBJC_ROOT_CLASS = YES_ERROR;
				CLANG_WARN_QUOTED_INCLUDE_IN_FRAMEWORK_HEADER = YES;
				CLANG_WARN_RANGE_LOOP_ANALYSIS = YES;
				CLANG_WARN_STRICT_PROTOTYPES = YES;
				CLANG_WARN_SUSPICIOUS_MOVE = YES;
				CLANG_WARN_UNGUARDED_AVAILABILITY = YES_AGGRESSIVE;
				CLANG_WARN_UNREACHABLE_CODE = YES;
				CLANG_WARN__DUPLICATE_METHOD_MATCH = YES;
				COPY_PHASE_STRIP = NO;
				DEBUG_INFORMATION_FORMAT = dwarf;
				ENABLE_STRICT_OBJC_MSGSEND = YES;
				ENABLE_TESTABILITY = YES;
				ENABLE_USER_SCRIPT_SANDBOXING = YES;
				GCC_C_LANGUAGE_STANDARD = gnu17;
				GCC_DYNAMIC_NO_PIC = NO;
				GCC_NO_COMMON_BLOCKS = YES;
				GCC_OPTIMIZATION_LEVEL = 0;
				GCC_PREPROCESSOR_DEFINITIONS = (
					"DEBUG=1",
					"$(inherited)",
				);
				GCC_WARN_64_TO_32_BIT_CONVERSION = YES;
				GCC_WARN_ABOUT_RETURN_TYPE = YES_ERROR;
				GCC_WARN_UNDECLARED_SELECTOR = YES;
				GCC_WARN_UNINITIALIZED_AUTOS = YES_AGGRESSIVE;
				GCC_WARN_UNUSED_FUNCTION = YES;
				GCC_WARN_UNUSED_VARIABLE = YES;
				IPHONEOS_DEPLOYMENT_TARGET = 18.2;
				LOCALIZATION_PREFERS_STRING_CATALOGS = YES;
				MTL_ENABLE_DEBUG_INFO = INCLUDE_SOURCE;
				MTL_FAST_MATH = YES;
				ONLY_ACTIVE_ARCH = YES;
				SDKROOT = iphoneos;
				SWIFT_ACTIVE_COMPILATION_CONDITIONS = "DEBUG $(inherited)";
				SWIFT_OPTIMIZATION_LEVEL = "-Onone";
			};
			name = Debug;
		};
		21AC48972D2DEAF40097F93F /* Release */ = {
			isa = XCBuildConfiguration;
			buildSettings = {
				ALWAYS_SEARCH_USER_PATHS = NO;
				ASSETCATALOG_COMPILER_GENERATE_SWIFT_ASSET_SYMBOL_EXTENSIONS = YES;
				CLANG_ANALYZER_NONNULL = YES;
				CLANG_ANALYZER_NUMBER_OBJECT_CONVERSION = YES_AGGRESSIVE;
				CLANG_CXX_LANGUAGE_STANDARD = "gnu++20";
				CLANG_ENABLE_MODULES = YES;
				CLANG_ENABLE_OBJC_ARC = YES;
				CLANG_ENABLE_OBJC_WEAK = YES;
				CLANG_WARN_BLOCK_CAPTURE_AUTORELEASING = YES;
				CLANG_WARN_BOOL_CONVERSION = YES;
				CLANG_WARN_COMMA = YES;
				CLANG_WARN_CONSTANT_CONVERSION = YES;
				CLANG_WARN_DEPRECATED_OBJC_IMPLEMENTATIONS = YES;
				CLANG_WARN_DIRECT_OBJC_ISA_USAGE = YES_ERROR;
				CLANG_WARN_DOCUMENTATION_COMMENTS = YES;
				CLANG_WARN_EMPTY_BODY = YES;
				CLANG_WARN_ENUM_CONVERSION = YES;
				CLANG_WARN_INFINITE_RECURSION = YES;
				CLANG_WARN_INT_CONVERSION = YES;
				CLANG_WARN_NON_LITERAL_NULL_CONVERSION = YES;
				CLANG_WARN_OBJC_IMPLICIT_RETAIN_SELF = YES;
				CLANG_WARN_OBJC_LITERAL_CONVERSION = YES;
				CLANG_WARN_OBJC_ROOT_CLASS = YES_ERROR;
				CLANG_WARN_QUOTED_INCLUDE_IN_FRAMEWORK_HEADER = YES;
				CLANG_WARN_RANGE_LOOP_ANALYSIS = YES;
				CLANG_WARN_STRICT_PROTOTYPES = YES;
				CLANG_WARN_SUSPICIOUS_MOVE = YES;
				CLANG_WARN_UNGUARDED_AVAILABILITY = YES_AGGRESSIVE;
				CLANG_WARN_UNREACHABLE_CODE = YES;
				CLANG_WARN__DUPLICATE_METHOD_MATCH = YES;
				COPY_PHASE_STRIP = NO;
				DEBUG_INFORMATION_FORMAT = "dwarf-with-dsym";
				ENABLE_NS_ASSERTIONS = NO;
				ENABLE_STRICT_OBJC_MSGSEND = YES;
				ENABLE_USER_SCRIPT_SANDBOXING = YES;
				GCC_C_LANGUAGE_STANDARD = gnu17;
				GCC_NO_COMMON_BLOCKS = YES;
				GCC_WARN_64_TO_32_BIT_CONVERSION = YES;
				GCC_WARN_ABOUT_RETURN_TYPE = YES_ERROR;
				GCC_WARN_UNDECLARED_SELECTOR = YES;
				GCC_WARN_UNINITIALIZED_AUTOS = YES_AGGRESSIVE;
				GCC_WARN_UNUSED_FUNCTION = YES;
				GCC_WARN_UNUSED_VARIABLE = YES;
				IPHONEOS_DEPLOYMENT_TARGET = 18.2;
				LOCALIZATION_PREFERS_STRING_CATALOGS = YES;
				MTL_ENABLE_DEBUG_INFO = NO;
				MTL_FAST_MATH = YES;
				SDKROOT = iphoneos;
				SWIFT_COMPILATION_MODE = wholemodule;
				VALIDATE_PRODUCT = YES;
			};
			name = Release;
		};
		21AC48992D2DEAF40097F93F /* Debug */ = {
			isa = XCBuildConfiguration;
			buildSettings = {
				ASSETCATALOG_COMPILER_APPICON_NAME = AppIcon;
				ASSETCATALOG_COMPILER_GLOBAL_ACCENT_COLOR_NAME = AccentColor;
				CODE_SIGN_STYLE = Automatic;
				CURRENT_PROJECT_VERSION = 1;
				DEVELOPMENT_ASSET_PATHS = "\"HavenHub/Preview Content\"";
				DEVELOPMENT_TEAM = PCUSPZK2L4;
				ENABLE_PREVIEWS = YES;
				GENERATE_INFOPLIST_FILE = YES;
				INFOPLIST_KEY_NSLocationWhenInUseUsageDescription = "We want to access your location";
				INFOPLIST_KEY_UIApplicationSceneManifest_Generation = YES;
				INFOPLIST_KEY_UIApplicationSupportsIndirectInputEvents = YES;
				INFOPLIST_KEY_UILaunchScreen_Generation = YES;
				INFOPLIST_KEY_UISupportedInterfaceOrientations = UIInterfaceOrientationPortrait;
				INFOPLIST_KEY_UISupportedInterfaceOrientations_iPad = "UIInterfaceOrientationLandscapeLeft UIInterfaceOrientationLandscapeRight UIInterfaceOrientationPortrait UIInterfaceOrientationPortraitUpsideDown";
				IPHONEOS_DEPLOYMENT_TARGET = 18.0;
				LD_RUNPATH_SEARCH_PATHS = (
					"$(inherited)",
					"@executable_path/Frameworks",
				);
				MARKETING_VERSION = 1.0;
				PRODUCT_BUNDLE_IDENTIFIER = net.circuitleaf.HavenHub;
				PRODUCT_NAME = "$(TARGET_NAME)";
				SUPPORTED_PLATFORMS = "iphoneos iphonesimulator";
				SUPPORTS_MACCATALYST = NO;
				SUPPORTS_MAC_DESIGNED_FOR_IPHONE_IPAD = NO;
				SUPPORTS_XR_DESIGNED_FOR_IPHONE_IPAD = NO;
				SWIFT_EMIT_LOC_STRINGS = YES;
				SWIFT_VERSION = 5.0;
				TARGETED_DEVICE_FAMILY = 1;
			};
			name = Debug;
		};
		21AC489A2D2DEAF40097F93F /* Release */ = {
			isa = XCBuildConfiguration;
			buildSettings = {
				ASSETCATALOG_COMPILER_APPICON_NAME = AppIcon;
				ASSETCATALOG_COMPILER_GLOBAL_ACCENT_COLOR_NAME = AccentColor;
				CODE_SIGN_STYLE = Automatic;
				CURRENT_PROJECT_VERSION = 1;
				DEVELOPMENT_ASSET_PATHS = "\"HavenHub/Preview Content\"";
				DEVELOPMENT_TEAM = PCUSPZK2L4;
				ENABLE_PREVIEWS = YES;
				GENERATE_INFOPLIST_FILE = YES;
				INFOPLIST_KEY_NSLocationWhenInUseUsageDescription = "We want to access your location";
				INFOPLIST_KEY_UIApplicationSceneManifest_Generation = YES;
				INFOPLIST_KEY_UIApplicationSupportsIndirectInputEvents = YES;
				INFOPLIST_KEY_UILaunchScreen_Generation = YES;
				INFOPLIST_KEY_UISupportedInterfaceOrientations = UIInterfaceOrientationPortrait;
				INFOPLIST_KEY_UISupportedInterfaceOrientations_iPad = "UIInterfaceOrientationLandscapeLeft UIInterfaceOrientationLandscapeRight UIInterfaceOrientationPortrait UIInterfaceOrientationPortraitUpsideDown";
				IPHONEOS_DEPLOYMENT_TARGET = 18.0;
				LD_RUNPATH_SEARCH_PATHS = (
					"$(inherited)",
					"@executable_path/Frameworks",
				);
				MARKETING_VERSION = 1.0;
				PRODUCT_BUNDLE_IDENTIFIER = net.circuitleaf.HavenHub;
				PRODUCT_NAME = "$(TARGET_NAME)";
				SUPPORTED_PLATFORMS = "iphoneos iphonesimulator";
				SUPPORTS_MACCATALYST = NO;
				SUPPORTS_MAC_DESIGNED_FOR_IPHONE_IPAD = NO;
				SUPPORTS_XR_DESIGNED_FOR_IPHONE_IPAD = NO;
				SWIFT_EMIT_LOC_STRINGS = YES;
				SWIFT_VERSION = 5.0;
				TARGETED_DEVICE_FAMILY = 1;
			};
			name = Release;
		};
/* End XCBuildConfiguration section */

/* Begin XCConfigurationList section */
		21AC48832D2DEAF30097F93F /* Build configuration list for PBXProject "HavenHub" */ = {
			isa = XCConfigurationList;
			buildConfigurations = (
				21AC48962D2DEAF40097F93F /* Debug */,
				21AC48972D2DEAF40097F93F /* Release */,
			);
			defaultConfigurationIsVisible = 0;
			defaultConfigurationName = Release;
		};
		21AC48982D2DEAF40097F93F /* Build configuration list for PBXNativeTarget "HavenHub" */ = {
			isa = XCConfigurationList;
			buildConfigurations = (
				21AC48992D2DEAF40097F93F /* Debug */,
				21AC489A2D2DEAF40097F93F /* Release */,
			);
			defaultConfigurationIsVisible = 0;
			defaultConfigurationName = Release;
		};
/* End XCConfigurationList section */

/* Begin XCRemoteSwiftPackageReference section */
		1EEE23F92D4C61A400BD28AE /* XCRemoteSwiftPackageReference "firebase-ios-sdk" */ = {
			isa = XCRemoteSwiftPackageReference;
			repositoryURL = "https://github.com/firebase/firebase-ios-sdk.git";
			requirement = {
				kind = upToNextMajorVersion;
				minimumVersion = 11.7.0;
			};
		};
/* End XCRemoteSwiftPackageReference section */

/* Begin XCSwiftPackageProductDependency section */
		1EEE23FB2D4C630A00BD28AE /* FirebaseAnalytics */ = {
			isa = XCSwiftPackageProductDependency;
			package = 1EEE23F92D4C61A400BD28AE /* XCRemoteSwiftPackageReference "firebase-ios-sdk" */;
			productName = FirebaseAnalytics;
		};
		1EEE23FD2D4C630A00BD28AE /* FirebaseAnalyticsOnDeviceConversion */ = {
			isa = XCSwiftPackageProductDependency;
			package = 1EEE23F92D4C61A400BD28AE /* XCRemoteSwiftPackageReference "firebase-ios-sdk" */;
			productName = FirebaseAnalyticsOnDeviceConversion;
		};
		1EEE23FF2D4C630A00BD28AE /* FirebaseAnalyticsWithoutAdIdSupport */ = {
			isa = XCSwiftPackageProductDependency;
			package = 1EEE23F92D4C61A400BD28AE /* XCRemoteSwiftPackageReference "firebase-ios-sdk" */;
			productName = FirebaseAnalyticsWithoutAdIdSupport;
		};
		1EEE24012D4C630A00BD28AE /* FirebaseAppCheck */ = {
			isa = XCSwiftPackageProductDependency;
			package = 1EEE23F92D4C61A400BD28AE /* XCRemoteSwiftPackageReference "firebase-ios-sdk" */;
			productName = FirebaseAppCheck;
		};
		1EEE24032D4C630A00BD28AE /* FirebaseAppDistribution-Beta */ = {
			isa = XCSwiftPackageProductDependency;
			package = 1EEE23F92D4C61A400BD28AE /* XCRemoteSwiftPackageReference "firebase-ios-sdk" */;
			productName = "FirebaseAppDistribution-Beta";
		};
		1EEE24052D4C630A00BD28AE /* FirebaseAuth */ = {
			isa = XCSwiftPackageProductDependency;
			package = 1EEE23F92D4C61A400BD28AE /* XCRemoteSwiftPackageReference "firebase-ios-sdk" */;
			productName = FirebaseAuth;
		};
		1EEE24072D4C630A00BD28AE /* FirebaseAuthCombine-Community */ = {
			isa = XCSwiftPackageProductDependency;
			package = 1EEE23F92D4C61A400BD28AE /* XCRemoteSwiftPackageReference "firebase-ios-sdk" */;
			productName = "FirebaseAuthCombine-Community";
		};
		1EEE24092D4C630A00BD28AE /* FirebaseCore */ = {
			isa = XCSwiftPackageProductDependency;
			package = 1EEE23F92D4C61A400BD28AE /* XCRemoteSwiftPackageReference "firebase-ios-sdk" */;
			productName = FirebaseCore;
		};
		1EEE240B2D4C630A00BD28AE /* FirebaseCrashlytics */ = {
			isa = XCSwiftPackageProductDependency;
			package = 1EEE23F92D4C61A400BD28AE /* XCRemoteSwiftPackageReference "firebase-ios-sdk" */;
			productName = FirebaseCrashlytics;
		};
		1EEE240D2D4C630A00BD28AE /* FirebaseDatabase */ = {
			isa = XCSwiftPackageProductDependency;
			package = 1EEE23F92D4C61A400BD28AE /* XCRemoteSwiftPackageReference "firebase-ios-sdk" */;
			productName = FirebaseDatabase;
		};
		1EEE240F2D4C630A00BD28AE /* FirebaseDynamicLinks */ = {
			isa = XCSwiftPackageProductDependency;
			package = 1EEE23F92D4C61A400BD28AE /* XCRemoteSwiftPackageReference "firebase-ios-sdk" */;
			productName = FirebaseDynamicLinks;
		};
		1EEE24112D4C630A00BD28AE /* FirebaseFirestore */ = {
			isa = XCSwiftPackageProductDependency;
			package = 1EEE23F92D4C61A400BD28AE /* XCRemoteSwiftPackageReference "firebase-ios-sdk" */;
			productName = FirebaseFirestore;
		};
		1EEE24132D4C630A00BD28AE /* FirebaseFirestoreCombine-Community */ = {
			isa = XCSwiftPackageProductDependency;
			package = 1EEE23F92D4C61A400BD28AE /* XCRemoteSwiftPackageReference "firebase-ios-sdk" */;
			productName = "FirebaseFirestoreCombine-Community";
		};
		1EEE24152D4C630A00BD28AE /* FirebaseFunctions */ = {
			isa = XCSwiftPackageProductDependency;
			package = 1EEE23F92D4C61A400BD28AE /* XCRemoteSwiftPackageReference "firebase-ios-sdk" */;
			productName = FirebaseFunctions;
		};
		1EEE24172D4C630A00BD28AE /* FirebaseFunctionsCombine-Community */ = {
			isa = XCSwiftPackageProductDependency;
			package = 1EEE23F92D4C61A400BD28AE /* XCRemoteSwiftPackageReference "firebase-ios-sdk" */;
			productName = "FirebaseFunctionsCombine-Community";
		};
		1EEE24192D4C630A00BD28AE /* FirebaseInAppMessaging-Beta */ = {
			isa = XCSwiftPackageProductDependency;
			package = 1EEE23F92D4C61A400BD28AE /* XCRemoteSwiftPackageReference "firebase-ios-sdk" */;
			productName = "FirebaseInAppMessaging-Beta";
		};
		1EEE241B2D4C630A00BD28AE /* FirebaseInstallations */ = {
			isa = XCSwiftPackageProductDependency;
			package = 1EEE23F92D4C61A400BD28AE /* XCRemoteSwiftPackageReference "firebase-ios-sdk" */;
			productName = FirebaseInstallations;
		};
		1EEE241D2D4C630A00BD28AE /* FirebaseMessaging */ = {
			isa = XCSwiftPackageProductDependency;
			package = 1EEE23F92D4C61A400BD28AE /* XCRemoteSwiftPackageReference "firebase-ios-sdk" */;
			productName = FirebaseMessaging;
		};
		1EEE241F2D4C630A00BD28AE /* FirebaseMLModelDownloader */ = {
			isa = XCSwiftPackageProductDependency;
			package = 1EEE23F92D4C61A400BD28AE /* XCRemoteSwiftPackageReference "firebase-ios-sdk" */;
			productName = FirebaseMLModelDownloader;
		};
		1EEE24212D4C630A00BD28AE /* FirebasePerformance */ = {
			isa = XCSwiftPackageProductDependency;
			package = 1EEE23F92D4C61A400BD28AE /* XCRemoteSwiftPackageReference "firebase-ios-sdk" */;
			productName = FirebasePerformance;
		};
		1EEE24232D4C630A00BD28AE /* FirebaseRemoteConfig */ = {
			isa = XCSwiftPackageProductDependency;
			package = 1EEE23F92D4C61A400BD28AE /* XCRemoteSwiftPackageReference "firebase-ios-sdk" */;
			productName = FirebaseRemoteConfig;
		};
		1EEE24252D4C630A00BD28AE /* FirebaseStorage */ = {
			isa = XCSwiftPackageProductDependency;
			package = 1EEE23F92D4C61A400BD28AE /* XCRemoteSwiftPackageReference "firebase-ios-sdk" */;
			productName = FirebaseStorage;
		};
		1EEE24272D4C630A00BD28AE /* FirebaseStorageCombine-Community */ = {
			isa = XCSwiftPackageProductDependency;
			package = 1EEE23F92D4C61A400BD28AE /* XCRemoteSwiftPackageReference "firebase-ios-sdk" */;
			productName = "FirebaseStorageCombine-Community";
		};
		1EEE24292D4C630A00BD28AE /* FirebaseVertexAI */ = {
			isa = XCSwiftPackageProductDependency;
			package = 1EEE23F92D4C61A400BD28AE /* XCRemoteSwiftPackageReference "firebase-ios-sdk" */;
			productName = FirebaseVertexAI;
		};
/* End XCSwiftPackageProductDependency section */
	};
	rootObject = 21AC48802D2DEAF30097F93F /* Project object */;
}
